
Microsoft Visual Studio Solution File, Format Version 12.00
# Visual Studio Version 17
VisualStudioVersion = 17.4.33110.190
MinimumVisualStudioVersion = 10.0.40219.1
Project("{9A19103F-16F7-4668-BE54-9A1E7A4F7556}") = "BanksCore", "BanksCore\BanksCore.csproj", "{0ABBFF96-7053-45CA-BC95-EF9DD9B2C44B}"
EndProject
Global
	GlobalSection(SolutionConfigurationPlatforms) = preSolution
		Debug|Any CPU = Debug|Any CPU
		Release|Any CPU = Release|Any CPU
	EndGlobalSection
	GlobalSection(ProjectConfigurationPlatforms) = postSolution
		{0ABBFF96-7053-45CA-BC95-EF9DD9B2C44B}.Debug|Any CPU.ActiveCfg = Debug|Any CPU
		{0ABBFF96-7053-45CA-BC95-EF9DD9B2C44B}.Debug|Any CPU.Build.0 = Debug|Any CPU
		{0ABBFF96-7053-45CA-BC95-EF9DD9B2C44B}.Release|Any CPU.ActiveCfg = Release|Any CPU
		{0ABBFF96-7053-45CA-BC95-EF9DD9B2C44B}.Release|Any CPU.Build.0 = Release|Any CPU
	EndGlobalSection
	GlobalSection(SolutionProperties) = preSolution
		HideSolutionNode = FALSE
	EndGlobalSection
	GlobalSection(ExtensibilityGlobals) = postSolution
		SolutionGuid = {8AA5CD39-753D-42FA-BEA8-0E745145877E}
	EndGlobalSection
EndGlobal
